
Microsoft Visual Studio Solution File, Format Version 12.00
# Visual Studio Version 17
VisualStudioVersion = 17.11.35312.102
MinimumVisualStudioVersion = 10.0.40219.1
Project("{9A19103F-16F7-4668-BE54-9A1E7A4F7556}") = "fittrack", "fittrack\fittrack.csproj", "{5B2B6963-B502-45BA-9A96-C5796926FB7A}"
EndProject
Project("{FAE04EC0-301F-11D3-BF4B-00C04F79EFBC}") = "FItUI", "FItUI\FItUI.csproj", "{F69CD5C5-D7C8-474B-B55C-5C61A316915E}"
EndProject
Global
	GlobalSection(SolutionConfigurationPlatforms) = preSolution
		Debug|Any CPU = Debug|Any CPU
		Release|Any CPU = Release|Any CPU
	EndGlobalSection
	GlobalSection(ProjectConfigurationPlatforms) = postSolution
		{5B2B6963-B502-45BA-9A96-C5796926FB7A}.Debug|Any CPU.ActiveCfg = Debug|Any CPU
		{5B2B6963-B502-45BA-9A96-C5796926FB7A}.Debug|Any CPU.Build.0 = Debug|Any CPU
		{5B2B6963-B502-45BA-9A96-C5796926FB7A}.Release|Any CPU.ActiveCfg = Release|Any CPU
		{5B2B6963-B502-45BA-9A96-C5796926FB7A}.Release|Any CPU.Build.0 = Release|Any CPU
		{F69CD5C5-D7C8-474B-B55C-5C61A316915E}.Debug|Any CPU.ActiveCfg = Debug|Any CPU
		{F69CD5C5-D7C8-474B-B55C-5C61A316915E}.Debug|Any CPU.Build.0 = Debug|Any CPU
		{F69CD5C5-D7C8-474B-B55C-5C61A316915E}.Release|Any CPU.ActiveCfg = Release|Any CPU
		{F69CD5C5-D7C8-474B-B55C-5C61A316915E}.Release|Any CPU.Build.0 = Release|Any CPU
	EndGlobalSection
	GlobalSection(SolutionProperties) = preSolution
		HideSolutionNode = FALSE
	EndGlobalSection
	GlobalSection(ExtensibilityGlobals) = postSolution
		SolutionGuid = {353EAA7B-9D02-4D28-8E14-82A91DF7CE99}
	EndGlobalSection
EndGlobal
